// !$*UTF8*$!
{
	archiveVersion = 1;
	classes = {
	};
	objectVersion = 50;
	objects = {

/* Begin PBXBuildFile section */
		FB75837725D1094600557F3A /* AppDelegate.swift in Sources */ = {isa = PBXBuildFile; fileRef = FB75837625D1094600557F3A /* AppDelegate.swift */; };
		FB75837925D1094600557F3A /* SceneDelegate.swift in Sources */ = {isa = PBXBuildFile; fileRef = FB75837825D1094600557F3A /* SceneDelegate.swift */; };
		FB75837B25D1094600557F3A /* ViewController.swift in Sources */ = {isa = PBXBuildFile; fileRef = FB75837A25D1094600557F3A /* ViewController.swift */; };
		FB75837E25D1094600557F3A /* Main.storyboard in Resources */ = {isa = PBXBuildFile; fileRef = FB75837C25D1094600557F3A /* Main.storyboard */; };
		FB75838025D1094700557F3A /* Assets.xcassets in Resources */ = {isa = PBXBuildFile; fileRef = FB75837F25D1094700557F3A /* Assets.xcassets */; };
		FB75838325D1094700557F3A /* LaunchScreen.storyboard in Resources */ = {isa = PBXBuildFile; fileRef = FB75838125D1094700557F3A /* LaunchScreen.storyboard */; };
		FB75838E25D1094800557F3A /* TechMonTests.swift in Sources */ = {isa = PBXBuildFile; fileRef = FB75838D25D1094800557F3A /* TechMonTests.swift */; };
		FB75839925D1094800557F3A /* TechMonUITests.swift in Sources */ = {isa = PBXBuildFile; fileRef = FB75839825D1094800557F3A /* TechMonUITests.swift */; };
		FB7583BF25D109D700557F3A /* lobby.png in Resources */ = {isa = PBXBuildFile; fileRef = FB7583AB25D109D700557F3A /* lobby.png */; };
		FB7583C025D109D700557F3A /* battlebg.png in Resources */ = {isa = PBXBuildFile; fileRef = FB7583AC25D109D700557F3A /* battlebg.png */; };
		FB7583C125D109D700557F3A /* bgimage.jpg in Resources */ = {isa = PBXBuildFile; fileRef = FB7583AD25D109D700557F3A /* bgimage.jpg */; };
		FB7583C225D109D700557F3A /* waku.png in Resources */ = {isa = PBXBuildFile; fileRef = FB7583AE25D109D700557F3A /* waku.png */; };
		FB7583C325D109D700557F3A /* gold_button.png in Resources */ = {isa = PBXBuildFile; fileRef = FB7583AF25D109D700557F3A /* gold_button.png */; };
		FB7583C425D109D700557F3A /* yusya.png in Resources */ = {isa = PBXBuildFile; fileRef = FB7583B025D109D700557F3A /* yusya.png */; };
		FB7583C525D109D700557F3A /* monster.png in Resources */ = {isa = PBXBuildFile; fileRef = FB7583B125D109D700557F3A /* monster.png */; };
		FB7583C625D109D700557F3A /* TechMonManager.swift in Sources */ = {isa = PBXBuildFile; fileRef = FB7583B325D109D700557F3A /* TechMonManager.swift */; };
		FB7583C725D109D700557F3A /* Character.swift in Sources */ = {isa = PBXBuildFile; fileRef = FB7583B425D109D700557F3A /* Character.swift */; };
		FB7583C825D109D700557F3A /* SE_fanfare.mp3 in Resources */ = {isa = PBXBuildFile; fileRef = FB7583B625D109D700557F3A /* SE_fanfare.mp3 */; };
		FB7583C925D109D700557F3A /* BGM_battle001.mp3 in Resources */ = {isa = PBXBuildFile; fileRef = FB7583B725D109D700557F3A /* BGM_battle001.mp3 */; };
		FB7583CA25D109D700557F3A /* SE_fire.mp3 in Resources */ = {isa = PBXBuildFile; fileRef = FB7583B825D109D700557F3A /* SE_fire.mp3 */; };
		FB7583CB25D109D700557F3A /* SE_attack.mp3 in Resources */ = {isa = PBXBuildFile; fileRef = FB7583B925D109D700557F3A /* SE_attack.mp3 */; };
		FB7583CC25D109D700557F3A /* SE_gameover.mp3 in Resources */ = {isa = PBXBuildFile; fileRef = FB7583BA25D109D700557F3A /* SE_gameover.mp3 */; };
		FB7583CD25D109D700557F3A /* SE_charge.mp3 in Resources */ = {isa = PBXBuildFile; fileRef = FB7583BB25D109D700557F3A /* SE_charge.mp3 */; };
		FB7583CE25D109D700557F3A /* lobby.mp3 in Resources */ = {isa = PBXBuildFile; fileRef = FB7583BC25D109D700557F3A /* lobby.mp3 */; };
		FB7583CF25D109D700557F3A /* misaki_gothic.ttf in Resources */ = {isa = PBXBuildFile; fileRef = FB7583BE25D109D700557F3A /* misaki_gothic.ttf */; };
		FB7583D425D1116F00557F3A /* LobbyViewController.swift in Sources */ = {isa = PBXBuildFile; fileRef = FB7583D325D1116F00557F3A /* LobbyViewController.swift */; };
		FB7583D925D111DB00557F3A /* BattleViewController.swift in Sources */ = {isa = PBXBuildFile; fileRef = FB7583D825D111DB00557F3A /* BattleViewController.swift */; };
/* End PBXBuildFile section */

/* Begin PBXContainerItemProxy section */
		FB75838A25D1094700557F3A /* PBXContainerItemProxy */ = {
			isa = PBXContainerItemProxy;
			containerPortal = FB75836B25D1094600557F3A /* Project object */;
			proxyType = 1;
			remoteGlobalIDString = FB75837225D1094600557F3A;
			remoteInfo = TechMon;
		};
		FB75839525D1094800557F3A /* PBXContainerItemProxy */ = {
			isa = PBXContainerItemProxy;
			containerPortal = FB75836B25D1094600557F3A /* Project object */;
			proxyType = 1;
			remoteGlobalIDString = FB75837225D1094600557F3A;
			remoteInfo = TechMon;
		};
/* End PBXContainerItemProxy section */

/* Begin PBXFileReference section */
		FB75837325D1094600557F3A /* TechMon.app */ = {isa = PBXFileReference; explicitFileType = wrapper.application; includeInIndex = 0; path = TechMon.app; sourceTree = BUILT_PRODUCTS_DIR; };
		FB75837625D1094600557F3A /* AppDelegate.swift */ = {isa = PBXFileReference; lastKnownFileType = sourcecode.swift; path = AppDelegate.swift; sourceTree = "<group>"; };
		FB75837825D1094600557F3A /* SceneDelegate.swift */ = {isa = PBXFileReference; lastKnownFileType = sourcecode.swift; path = SceneDelegate.swift; sourceTree = "<group>"; };
		FB75837A25D1094600557F3A /* ViewController.swift */ = {isa = PBXFileReference; lastKnownFileType = sourcecode.swift; path = ViewController.swift; sourceTree = "<group>"; };
		FB75837D25D1094600557F3A /* Base */ = {isa = PBXFileReference; lastKnownFileType = file.storyboard; name = Base; path = Base.lproj/Main.storyboard; sourceTree = "<group>"; };
		FB75837F25D1094700557F3A /* Assets.xcassets */ = {isa = PBXFileReference; lastKnownFileType = folder.assetcatalog; path = Assets.xcassets; sourceTree = "<group>"; };
		FB75838225D1094700557F3A /* Base */ = {isa = PBXFileReference; lastKnownFileType = file.storyboard; name = Base; path = Base.lproj/LaunchScreen.storyboard; sourceTree = "<group>"; };
		FB75838425D1094700557F3A /* Info.plist */ = {isa = PBXFileReference; lastKnownFileType = text.plist.xml; path = Info.plist; sourceTree = "<group>"; };
		FB75838925D1094700557F3A /* TechMonTests.xctest */ = {isa = PBXFileReference; explicitFileType = wrapper.cfbundle; includeInIndex = 0; path = TechMonTests.xctest; sourceTree = BUILT_PRODUCTS_DIR; };
		FB75838D25D1094800557F3A /* TechMonTests.swift */ = {isa = PBXFileReference; lastKnownFileType = sourcecode.swift; path = TechMonTests.swift; sourceTree = "<group>"; };
		FB75838F25D1094800557F3A /* Info.plist */ = {isa = PBXFileReference; lastKnownFileType = text.plist.xml; path = Info.plist; sourceTree = "<group>"; };
		FB75839425D1094800557F3A /* TechMonUITests.xctest */ = {isa = PBXFileReference; explicitFileType = wrapper.cfbundle; includeInIndex = 0; path = TechMonUITests.xctest; sourceTree = BUILT_PRODUCTS_DIR; };
		FB75839825D1094800557F3A /* TechMonUITests.swift */ = {isa = PBXFileReference; lastKnownFileType = sourcecode.swift; path = TechMonUITests.swift; sourceTree = "<group>"; };
		FB75839A25D1094800557F3A /* Info.plist */ = {isa = PBXFileReference; lastKnownFileType = text.plist.xml; path = Info.plist; sourceTree = "<group>"; };
		FB7583AB25D109D700557F3A /* lobby.png */ = {isa = PBXFileReference; lastKnownFileType = image.png; path = lobby.png; sourceTree = "<group>"; };
		FB7583AC25D109D700557F3A /* battlebg.png */ = {isa = PBXFileReference; lastKnownFileType = image.png; path = battlebg.png; sourceTree = "<group>"; };
		FB7583AD25D109D700557F3A /* bgimage.jpg */ = {isa = PBXFileReference; lastKnownFileType = image.jpeg; path = bgimage.jpg; sourceTree = "<group>"; };
		FB7583AE25D109D700557F3A /* waku.png */ = {isa = PBXFileReference; lastKnownFileType = image.png; path = waku.png; sourceTree = "<group>"; };
		FB7583AF25D109D700557F3A /* gold_button.png */ = {isa = PBXFileReference; lastKnownFileType = image.png; path = gold_button.png; sourceTree = "<group>"; };
		FB7583B025D109D700557F3A /* yusya.png */ = {isa = PBXFileReference; lastKnownFileType = image.png; path = yusya.png; sourceTree = "<group>"; };
		FB7583B125D109D700557F3A /* monster.png */ = {isa = PBXFileReference; lastKnownFileType = image.png; path = monster.png; sourceTree = "<group>"; };
		FB7583B325D109D700557F3A /* TechMonManager.swift */ = {isa = PBXFileReference; fileEncoding = 4; lastKnownFileType = sourcecode.swift; path = TechMonManager.swift; sourceTree = "<group>"; };
		FB7583B425D109D700557F3A /* Character.swift */ = {isa = PBXFileReference; fileEncoding = 4; lastKnownFileType = sourcecode.swift; path = Character.swift; sourceTree = "<group>"; };
		FB7583B625D109D700557F3A /* SE_fanfare.mp3 */ = {isa = PBXFileReference; lastKnownFileType = audio.mp3; path = SE_fanfare.mp3; sourceTree = "<group>"; };
		FB7583B725D109D700557F3A /* BGM_battle001.mp3 */ = {isa = PBXFileReference; lastKnownFileType = audio.mp3; path = BGM_battle001.mp3; sourceTree = "<group>"; };
		FB7583B825D109D700557F3A /* SE_fire.mp3 */ = {isa = PBXFileReference; lastKnownFileType = audio.mp3; path = SE_fire.mp3; sourceTree = "<group>"; };
		FB7583B925D109D700557F3A /* SE_attack.mp3 */ = {isa = PBXFileReference; lastKnownFileType = audio.mp3; path = SE_attack.mp3; sourceTree = "<group>"; };
		FB7583BA25D109D700557F3A /* SE_gameover.mp3 */ = {isa = PBXFileReference; lastKnownFileType = audio.mp3; path = SE_gameover.mp3; sourceTree = "<group>"; };
		FB7583BB25D109D700557F3A /* SE_charge.mp3 */ = {isa = PBXFileReference; lastKnownFileType = audio.mp3; path = SE_charge.mp3; sourceTree = "<group>"; };
		FB7583BC25D109D700557F3A /* lobby.mp3 */ = {isa = PBXFileReference; lastKnownFileType = audio.mp3; path = lobby.mp3; sourceTree = "<group>"; };
		FB7583BE25D109D700557F3A /* misaki_gothic.ttf */ = {isa = PBXFileReference; lastKnownFileType = file; path = misaki_gothic.ttf; sourceTree = "<group>"; };
		FB7583D325D1116F00557F3A /* LobbyViewController.swift */ = {isa = PBXFileReference; lastKnownFileType = sourcecode.swift; path = LobbyViewController.swift; sourceTree = "<group>"; };
		FB7583D825D111DB00557F3A /* BattleViewController.swift */ = {isa = PBXFileReference; lastKnownFileType = sourcecode.swift; path = BattleViewController.swift; sourceTree = "<group>"; };
/* End PBXFileReference section */

/* Begin PBXFrameworksBuildPhase section */
		FB75837025D1094600557F3A /* Frameworks */ = {
			isa = PBXFrameworksBuildPhase;
			buildActionMask = 2147483647;
			files = (
			);
			runOnlyForDeploymentPostprocessing = 0;
		};
		FB75838625D1094700557F3A /* Frameworks */ = {
			isa = PBXFrameworksBuildPhase;
			buildActionMask = 2147483647;
			files = (
			);
			runOnlyForDeploymentPostprocessing = 0;
		};
		FB75839125D1094800557F3A /* Frameworks */ = {
			isa = PBXFrameworksBuildPhase;
			buildActionMask = 2147483647;
			files = (
			);
			runOnlyForDeploymentPostprocessing = 0;
		};
/* End PBXFrameworksBuildPhase section */

/* Begin PBXGroup section */
		FB75836A25D1094600557F3A = {
			isa = PBXGroup;
			children = (
				FB75837525D1094600557F3A /* TechMon */,
				FB75838C25D1094800557F3A /* TechMonTests */,
				FB75839725D1094800557F3A /* TechMonUITests */,
				FB75837425D1094600557F3A /* Products */,
			);
			sourceTree = "<group>";
		};
		FB75837425D1094600557F3A /* Products */ = {
			isa = PBXGroup;
			children = (
				FB75837325D1094600557F3A /* TechMon.app */,
				FB75838925D1094700557F3A /* TechMonTests.xctest */,
				FB75839425D1094800557F3A /* TechMonUITests.xctest */,
			);
			name = Products;
			sourceTree = "<group>";
		};
		FB75837525D1094600557F3A /* TechMon */ = {
			isa = PBXGroup;
			children = (
				FB7583A925D109D700557F3A /* TechMon_Resource */,
				FB75837625D1094600557F3A /* AppDelegate.swift */,
				FB75837825D1094600557F3A /* SceneDelegate.swift */,
				FB75837A25D1094600557F3A /* ViewController.swift */,
				FB75837C25D1094600557F3A /* Main.storyboard */,
				FB75837F25D1094700557F3A /* Assets.xcassets */,
				FB75838125D1094700557F3A /* LaunchScreen.storyboard */,
				FB75838425D1094700557F3A /* Info.plist */,
				FB7583D325D1116F00557F3A /* LobbyViewController.swift */,
				FB7583D825D111DB00557F3A /* BattleViewController.swift */,
			);
			path = TechMon;
			sourceTree = "<group>";
		};
		FB75838C25D1094800557F3A /* TechMonTests */ = {
			isa = PBXGroup;
			children = (
				FB75838D25D1094800557F3A /* TechMonTests.swift */,
				FB75838F25D1094800557F3A /* Info.plist */,
			);
			path = TechMonTests;
			sourceTree = "<group>";
		};
		FB75839725D1094800557F3A /* TechMonUITests */ = {
			isa = PBXGroup;
			children = (
				FB75839825D1094800557F3A /* TechMonUITests.swift */,
				FB75839A25D1094800557F3A /* Info.plist */,
			);
			path = TechMonUITests;
			sourceTree = "<group>";
		};
		FB7583A925D109D700557F3A /* TechMon_Resource */ = {
			isa = PBXGroup;
			children = (
				FB7583AA25D109D700557F3A /* Images */,
				FB7583B225D109D700557F3A /* Models */,
				FB7583B525D109D700557F3A /* Sounds */,
				FB7583BD25D109D700557F3A /* Fonts */,
			);
			path = TechMon_Resource;
			sourceTree = "<group>";
		};
		FB7583AA25D109D700557F3A /* Images */ = {
			isa = PBXGroup;
			children = (
				FB7583AB25D109D700557F3A /* lobby.png */,
				FB7583AC25D109D700557F3A /* battlebg.png */,
				FB7583AD25D109D700557F3A /* bgimage.jpg */,
				FB7583AE25D109D700557F3A /* waku.png */,
				FB7583AF25D109D700557F3A /* gold_button.png */,
				FB7583B025D109D700557F3A /* yusya.png */,
				FB7583B125D109D700557F3A /* monster.png */,
			);
			path = Images;
			sourceTree = "<group>";
		};
		FB7583B225D109D700557F3A /* Models */ = {
			isa = PBXGroup;
			children = (
				FB7583B325D109D700557F3A /* TechMonManager.swift */,
				FB7583B425D109D700557F3A /* Character.swift */,
			);
			path = Models;
			sourceTree = "<group>";
		};
		FB7583B525D109D700557F3A /* Sounds */ = {
			isa = PBXGroup;
			children = (
				FB7583B625D109D700557F3A /* SE_fanfare.mp3 */,
				FB7583B725D109D700557F3A /* BGM_battle001.mp3 */,
				FB7583B825D109D700557F3A /* SE_fire.mp3 */,
				FB7583B925D109D700557F3A /* SE_attack.mp3 */,
				FB7583BA25D109D700557F3A /* SE_gameover.mp3 */,
				FB7583BB25D109D700557F3A /* SE_charge.mp3 */,
				FB7583BC25D109D700557F3A /* lobby.mp3 */,
			);
			path = Sounds;
			sourceTree = "<group>";
		};
		FB7583BD25D109D700557F3A /* Fonts */ = {
			isa = PBXGroup;
			children = (
				FB7583BE25D109D700557F3A /* misaki_gothic.ttf */,
			);
			path = Fonts;
			sourceTree = "<group>";
		};
/* End PBXGroup section */

/* Begin PBXNativeTarget section */
		FB75837225D1094600557F3A /* TechMon */ = {
			isa = PBXNativeTarget;
			buildConfigurationList = FB75839D25D1094800557F3A /* Build configuration list for PBXNativeTarget "TechMon" */;
			buildPhases = (
				FB75836F25D1094600557F3A /* Sources */,
				FB75837025D1094600557F3A /* Frameworks */,
				FB75837125D1094600557F3A /* Resources */,
			);
			buildRules = (
			);
			dependencies = (
			);
			name = TechMon;
			productName = TechMon;
			productReference = FB75837325D1094600557F3A /* TechMon.app */;
			productType = "com.apple.product-type.application";
		};
		FB75838825D1094700557F3A /* TechMonTests */ = {
			isa = PBXNativeTarget;
			buildConfigurationList = FB7583A025D1094800557F3A /* Build configuration list for PBXNativeTarget "TechMonTests" */;
			buildPhases = (
				FB75838525D1094700557F3A /* Sources */,
				FB75838625D1094700557F3A /* Frameworks */,
				FB75838725D1094700557F3A /* Resources */,
			);
			buildRules = (
			);
			dependencies = (
				FB75838B25D1094700557F3A /* PBXTargetDependency */,
			);
			name = TechMonTests;
			productName = TechMonTests;
			productReference = FB75838925D1094700557F3A /* TechMonTests.xctest */;
			productType = "com.apple.product-type.bundle.unit-test";
		};
		FB75839325D1094800557F3A /* TechMonUITests */ = {
			isa = PBXNativeTarget;
			buildConfigurationList = FB7583A325D1094800557F3A /* Build configuration list for PBXNativeTarget "TechMonUITests" */;
			buildPhases = (
				FB75839025D1094800557F3A /* Sources */,
				FB75839125D1094800557F3A /* Frameworks */,
				FB75839225D1094800557F3A /* Resources */,
			);
			buildRules = (
			);
			dependencies = (
				FB75839625D1094800557F3A /* PBXTargetDependency */,
			);
			name = TechMonUITests;
			productName = TechMonUITests;
			productReference = FB75839425D1094800557F3A /* TechMonUITests.xctest */;
			productType = "com.apple.product-type.bundle.ui-testing";
		};
/* End PBXNativeTarget section */

/* Begin PBXProject section */
		FB75836B25D1094600557F3A /* Project object */ = {
			isa = PBXProject;
			attributes = {
				LastSwiftUpdateCheck = 1240;
				LastUpgradeCheck = 1240;
				TargetAttributes = {
					FB75837225D1094600557F3A = {
						CreatedOnToolsVersion = 12.4;
					};
					FB75838825D1094700557F3A = {
						CreatedOnToolsVersion = 12.4;
						TestTargetID = FB75837225D1094600557F3A;
					};
					FB75839325D1094800557F3A = {
						CreatedOnToolsVersion = 12.4;
						TestTargetID = FB75837225D1094600557F3A;
					};
				};
			};
			buildConfigurationList = FB75836E25D1094600557F3A /* Build configuration list for PBXProject "TechMon" */;
			compatibilityVersion = "Xcode 9.3";
			developmentRegion = en;
			hasScannedForEncodings = 0;
			knownRegions = (
				en,
				Base,
			);
			mainGroup = FB75836A25D1094600557F3A;
			productRefGroup = FB75837425D1094600557F3A /* Products */;
			projectDirPath = "";
			projectRoot = "";
			targets = (
				FB75837225D1094600557F3A /* TechMon */,
				FB75838825D1094700557F3A /* TechMonTests */,
				FB75839325D1094800557F3A /* TechMonUITests */,
			);
		};
/* End PBXProject section */

/* Begin PBXResourcesBuildPhase section */
		FB75837125D1094600557F3A /* Resources */ = {
			isa = PBXResourcesBuildPhase;
			buildActionMask = 2147483647;
			files = (
				FB7583C425D109D700557F3A /* yusya.png in Resources */,
				FB7583C125D109D700557F3A /* bgimage.jpg in Resources */,
				FB7583C225D109D700557F3A /* waku.png in Resources */,
				FB7583C825D109D700557F3A /* SE_fanfare.mp3 in Resources */,
				FB7583BF25D109D700557F3A /* lobby.png in Resources */,
				FB7583C325D109D700557F3A /* gold_button.png in Resources */,
				FB7583CB25D109D700557F3A /* SE_attack.mp3 in Resources */,
				FB75838325D1094700557F3A /* LaunchScreen.storyboard in Resources */,
				FB7583CE25D109D700557F3A /* lobby.mp3 in Resources */,
				FB75838025D1094700557F3A /* Assets.xcassets in Resources */,
				FB7583CF25D109D700557F3A /* misaki_gothic.ttf in Resources */,
				FB7583CC25D109D700557F3A /* SE_gameover.mp3 in Resources */,
				FB7583C025D109D700557F3A /* battlebg.png in Resources */,
				FB7583C925D109D700557F3A /* BGM_battle001.mp3 in Resources */,
				FB7583CD25D109D700557F3A /* SE_charge.mp3 in Resources */,
				FB7583CA25D109D700557F3A /* SE_fire.mp3 in Resources */,
				FB7583C525D109D700557F3A /* monster.png in Resources */,
				FB75837E25D1094600557F3A /* Main.storyboard in Resources */,
			);
			runOnlyForDeploymentPostprocessing = 0;
		};
		FB75838725D1094700557F3A /* Resources */ = {
			isa = PBXResourcesBuildPhase;
			buildActionMask = 2147483647;
			files = (
			);
			runOnlyForDeploymentPostprocessing = 0;
		};
		FB75839225D1094800557F3A /* Resources */ = {
			isa = PBXResourcesBuildPhase;
			buildActionMask = 2147483647;
			files = (
			);
			runOnlyForDeploymentPostprocessing = 0;
		};
/* End PBXResourcesBuildPhase section */

/* Begin PBXSourcesBuildPhase section */
		FB75836F25D1094600557F3A /* Sources */ = {
			isa = PBXSourcesBuildPhase;
			buildActionMask = 2147483647;
			files = (
				FB7583D925D111DB00557F3A /* BattleViewController.swift in Sources */,
				FB7583C625D109D700557F3A /* TechMonManager.swift in Sources */,
				FB75837B25D1094600557F3A /* ViewController.swift in Sources */,
				FB7583C725D109D700557F3A /* Character.swift in Sources */,
				FB7583D425D1116F00557F3A /* LobbyViewController.swift in Sources */,
				FB75837725D1094600557F3A /* AppDelegate.swift in Sources */,
				FB75837925D1094600557F3A /* SceneDelegate.swift in Sources */,
			);
			runOnlyForDeploymentPostprocessing = 0;
		};
		FB75838525D1094700557F3A /* Sources */ = {
			isa = PBXSourcesBuildPhase;
			buildActionMask = 2147483647;
			files = (
				FB75838E25D1094800557F3A /* TechMonTests.swift in Sources */,
			);
			runOnlyForDeploymentPostprocessing = 0;
		};
		FB75839025D1094800557F3A /* Sources */ = {
			isa = PBXSourcesBuildPhase;
			buildActionMask = 2147483647;
			files = (
				FB75839925D1094800557F3A /* TechMonUITests.swift in Sources */,
			);
			runOnlyForDeploymentPostprocessing = 0;
		};
/* End PBXSourcesBuildPhase section */

/* Begin PBXTargetDependency section */
		FB75838B25D1094700557F3A /* PBXTargetDependency */ = {
			isa = PBXTargetDependency;
			target = FB75837225D1094600557F3A /* TechMon */;
			targetProxy = FB75838A25D1094700557F3A /* PBXContainerItemProxy */;
		};
		FB75839625D1094800557F3A /* PBXTargetDependency */ = {
			isa = PBXTargetDependency;
			target = FB75837225D1094600557F3A /* TechMon */;
			targetProxy = FB75839525D1094800557F3A /* PBXContainerItemProxy */;
		};
/* End PBXTargetDependency section */

/* Begin PBXVariantGroup section */
		FB75837C25D1094600557F3A /* Main.storyboard */ = {
			isa = PBXVariantGroup;
			children = (
				FB75837D25D1094600557F3A /* Base */,
			);
			name = Main.storyboard;
			sourceTree = "<group>";
		};
		FB75838125D1094700557F3A /* LaunchScreen.storyboard */ = {
			isa = PBXVariantGroup;
			children = (
				FB75838225D1094700557F3A /* Base */,
			);
			name = LaunchScreen.storyboard;
			sourceTree = "<group>";
		};
/* End PBXVariantGroup section */

/* Begin XCBuildConfiguration section */
		FB75839B25D1094800557F3A /* Debug */ = {
			isa = XCBuildConfiguration;
			buildSettings = {
				ALWAYS_SEARCH_USER_PATHS = NO;
				CLANG_ANALYZER_NONNULL = YES;
				CLANG_ANALYZER_NUMBER_OBJECT_CONVERSION = YES_AGGRESSIVE;
				CLANG_CXX_LANGUAGE_STANDARD = "gnu++14";
				CLANG_CXX_LIBRARY = "libc++";
				CLANG_ENABLE_MODULES = YES;
				CLANG_ENABLE_OBJC_ARC = YES;
				CLANG_ENABLE_OBJC_WEAK = YES;
				CLANG_WARN_BLOCK_CAPTURE_AUTORELEASING = YES;
				CLANG_WARN_BOOL_CONVERSION = YES;
				CLANG_WARN_COMMA = YES;
				CLANG_WARN_CONSTANT_CONVERSION = YES;
				CLANG_WARN_DEPRECATED_OBJC_IMPLEMENTATIONS = YES;
				CLANG_WARN_DIRECT_OBJC_ISA_USAGE = YES_ERROR;
				CLANG_WARN_DOCUMENTATION_COMMENTS = YES;
				CLANG_WARN_EMPTY_BODY = YES;
				CLANG_WARN_ENUM_CONVERSION = YES;
				CLANG_WARN_INFINITE_RECURSION = YES;
				CLANG_WARN_INT_CONVERSION = YES;
				CLANG_WARN_NON_LITERAL_NULL_CONVERSION = YES;
				CLANG_WARN_OBJC_IMPLICIT_RETAIN_SELF = YES;
				CLANG_WARN_OBJC_LITERAL_CONVERSION = YES;
				CLANG_WARN_OBJC_ROOT_CLASS = YES_ERROR;
				CLANG_WARN_QUOTED_INCLUDE_IN_FRAMEWORK_HEADER = YES;
				CLANG_WARN_RANGE_LOOP_ANALYSIS = YES;
				CLANG_WARN_STRICT_PROTOTYPES = YES;
				CLANG_WARN_SUSPICIOUS_MOVE = YES;
				CLANG_WARN_UNGUARDED_AVAILABILITY = YES_AGGRESSIVE;
				CLANG_WARN_UNREACHABLE_CODE = YES;
				CLANG_WARN__DUPLICATE_METHOD_MATCH = YES;
				COPY_PHASE_STRIP = NO;
				DEBUG_INFORMATION_FORMAT = dwarf;
				ENABLE_STRICT_OBJC_MSGSEND = YES;
				ENABLE_TESTABILITY = YES;
				GCC_C_LANGUAGE_STANDARD = gnu11;
				GCC_DYNAMIC_NO_PIC = NO;
				GCC_NO_COMMON_BLOCKS = YES;
				GCC_OPTIMIZATION_LEVEL = 0;
				GCC_PREPROCESSOR_DEFINITIONS = (
					"DEBUG=1",
					"$(inherited)",
				);
				GCC_WARN_64_TO_32_BIT_CONVERSION = YES;
				GCC_WARN_ABOUT_RETURN_TYPE = YES_ERROR;
				GCC_WARN_UNDECLARED_SELECTOR = YES;
				GCC_WARN_UNINITIALIZED_AUTOS = YES_AGGRESSIVE;
				GCC_WARN_UNUSED_FUNCTION = YES;
				GCC_WARN_UNUSED_VARIABLE = YES;
				IPHONEOS_DEPLOYMENT_TARGET = 14.4;
				MTL_ENABLE_DEBUG_INFO = INCLUDE_SOURCE;
				MTL_FAST_MATH = YES;
				ONLY_ACTIVE_ARCH = YES;
				SDKROOT = iphoneos;
				SWIFT_ACTIVE_COMPILATION_CONDITIONS = DEBUG;
				SWIFT_OPTIMIZATION_LEVEL = "-Onone";
			};
			name = Debug;
		};
		FB75839C25D1094800557F3A /* Release */ = {
			isa = XCBuildConfiguration;
			buildSettings = {
				ALWAYS_SEARCH_USER_PATHS = NO;
				CLANG_ANALYZER_NONNULL = YES;
				CLANG_ANALYZER_NUMBER_OBJECT_CONVERSION = YES_AGGRESSIVE;
				CLANG_CXX_LANGUAGE_STANDARD = "gnu++14";
				CLANG_CXX_LIBRARY = "libc++";
				CLANG_ENABLE_MODULES = YES;
				CLANG_ENABLE_OBJC_ARC = YES;
				CLANG_ENABLE_OBJC_WEAK = YES;
				CLANG_WARN_BLOCK_CAPTURE_AUTORELEASING = YES;
				CLANG_WARN_BOOL_CONVERSION = YES;
				CLANG_WARN_COMMA = YES;
				CLANG_WARN_CONSTANT_CONVERSION = YES;
				CLANG_WARN_DEPRECATED_OBJC_IMPLEMENTATIONS = YES;
				CLANG_WARN_DIRECT_OBJC_ISA_USAGE = YES_ERROR;
				CLANG_WARN_DOCUMENTATION_COMMENTS = YES;
				CLANG_WARN_EMPTY_BODY = YES;
				CLANG_WARN_ENUM_CONVERSION = YES;
				CLANG_WARN_INFINITE_RECURSION = YES;
				CLANG_WARN_INT_CONVERSION = YES;
				CLANG_WARN_NON_LITERAL_NULL_CONVERSION = YES;
				CLANG_WARN_OBJC_IMPLICIT_RETAIN_SELF = YES;
				CLANG_WARN_OBJC_LITERAL_CONVERSION = YES;
				CLANG_WARN_OBJC_ROOT_CLASS = YES_ERROR;
				CLANG_WARN_QUOTED_INCLUDE_IN_FRAMEWORK_HEADER = YES;
				CLANG_WARN_RANGE_LOOP_ANALYSIS = YES;
				CLANG_WARN_STRICT_PROTOTYPES = YES;
				CLANG_WARN_SUSPICIOUS_MOVE = YES;
				CLANG_WARN_UNGUARDED_AVAILABILITY = YES_AGGRESSIVE;
				CLANG_WARN_UNREACHABLE_CODE = YES;
				CLANG_WARN__DUPLICATE_METHOD_MATCH = YES;
				COPY_PHASE_STRIP = NO;
				DEBUG_INFORMATION_FORMAT = "dwarf-with-dsym";
				ENABLE_NS_ASSERTIONS = NO;
				ENABLE_STRICT_OBJC_MSGSEND = YES;
				GCC_C_LANGUAGE_STANDARD = gnu11;
				GCC_NO_COMMON_BLOCKS = YES;
				GCC_WARN_64_TO_32_BIT_CONVERSION = YES;
				GCC_WARN_ABOUT_RETURN_TYPE = YES_ERROR;
				GCC_WARN_UNDECLARED_SELECTOR = YES;
				GCC_WARN_UNINITIALIZED_AUTOS = YES_AGGRESSIVE;
				GCC_WARN_UNUSED_FUNCTION = YES;
				GCC_WARN_UNUSED_VARIABLE = YES;
				IPHONEOS_DEPLOYMENT_TARGET = 14.4;
				MTL_ENABLE_DEBUG_INFO = NO;
				MTL_FAST_MATH = YES;
				SDKROOT = iphoneos;
				SWIFT_COMPILATION_MODE = wholemodule;
				SWIFT_OPTIMIZATION_LEVEL = "-O";
				VALIDATE_PRODUCT = YES;
			};
			name = Release;
		};
		FB75839E25D1094800557F3A /* Debug */ = {
			isa = XCBuildConfiguration;
			buildSettings = {
				ASSETCATALOG_COMPILER_APPICON_NAME = AppIcon;
				ASSETCATALOG_COMPILER_GLOBAL_ACCENT_COLOR_NAME = AccentColor;
				CODE_SIGN_STYLE = Automatic;
				INFOPLIST_FILE = TechMon/Info.plist;
				LD_RUNPATH_SEARCH_PATHS = (
					"$(inherited)",
					"@executable_path/Frameworks",
				);
				PRODUCT_BUNDLE_IDENTIFIER = app.ito.ayu.TechMon;
				PRODUCT_NAME = "$(TARGET_NAME)";
				SWIFT_VERSION = 5.0;
				TARGETED_DEVICE_FAMILY = "1,2";
			};
			name = Debug;
		};
		FB75839F25D1094800557F3A /* Release */ = {
			isa = XCBuildConfiguration;
			buildSettings = {
				ASSETCATALOG_COMPILER_APPICON_NAME = AppIcon;
				ASSETCATALOG_COMPILER_GLOBAL_ACCENT_COLOR_NAME = AccentColor;
				CODE_SIGN_STYLE = Automatic;
				INFOPLIST_FILE = TechMon/Info.plist;
				LD_RUNPATH_SEARCH_PATHS = (
					"$(inherited)",
					"@executable_path/Frameworks",
				);
				PRODUCT_BUNDLE_IDENTIFIER = app.ito.ayu.TechMon;
				PRODUCT_NAME = "$(TARGET_NAME)";
				SWIFT_VERSION = 5.0;
				TARGETED_DEVICE_FAMILY = "1,2";
			};
			name = Release;
		};
		FB7583A125D1094800557F3A /* Debug */ = {
			isa = XCBuildConfiguration;
			buildSettings = {
				ALWAYS_EMBED_SWIFT_STANDARD_LIBRARIES = YES;
				BUNDLE_LOADER = "$(TEST_HOST)";
				CODE_SIGN_STYLE = Automatic;
				INFOPLIST_FILE = TechMonTests/Info.plist;
				IPHONEOS_DEPLOYMENT_TARGET = 14.4;
				LD_RUNPATH_SEARCH_PATHS = (
					"$(inherited)",
					"@executable_path/Frameworks",
					"@loader_path/Frameworks",
				);
				PRODUCT_BUNDLE_IDENTIFIER = app.ito.ayu.TechMonTests;
				PRODUCT_NAME = "$(TARGET_NAME)";
				SWIFT_VERSION = 5.0;
				TARGETED_DEVICE_FAMILY = "1,2";
				TEST_HOST = "$(BUILT_PRODUCTS_DIR)/TechMon.app/TechMon";
			};
			name = Debug;
		};
		FB7583A225D1094800557F3A /* Release */ = {
			isa = XCBuildConfiguration;
			buildSettings = {
				ALWAYS_EMBED_SWIFT_STANDARD_LIBRARIES = YES;
				BUNDLE_LOADER = "$(TEST_HOST)";
				CODE_SIGN_STYLE = Automatic;
				INFOPLIST_FILE = TechMonTests/Info.plist;
				IPHONEOS_DEPLOYMENT_TARGET = 14.4;
				LD_RUNPATH_SEARCH_PATHS = (
					"$(inherited)",
					"@executable_path/Frameworks",
					"@loader_path/Frameworks",
				);
				PRODUCT_BUNDLE_IDENTIFIER = app.ito.ayu.TechMonTests;
				PRODUCT_NAME = "$(TARGET_NAME)";
				SWIFT_VERSION = 5.0;
				TARGETED_DEVICE_FAMILY = "1,2";
				TEST_HOST = "$(BUILT_PRODUCTS_DIR)/TechMon.app/TechMon";
			};
			name = Release;
		};
		FB7583A425D1094800557F3A /* Debug */ = {
			isa = XCBuildConfiguration;
			buildSettings = {
				ALWAYS_EMBED_SWIFT_STANDARD_LIBRARIES = YES;
				CODE_SIGN_STYLE = Automatic;
				INFOPLIST_FILE = TechMonUITests/Info.plist;
				LD_RUNPATH_SEARCH_PATHS = (
					"$(inherited)",
					"@executable_path/Frameworks",
					"@loader_path/Frameworks",
				);
				PRODUCT_BUNDLE_IDENTIFIER = app.ito.ayu.TechMonUITests;
				PRODUCT_NAME = "$(TARGET_NAME)";
				SWIFT_VERSION = 5.0;
				TARGETED_DEVICE_FAMILY = "1,2";
				TEST_TARGET_NAME = TechMon;
			};
			name = Debug;
		};
		FB7583A525D1094800557F3A /* Release */ = {
			isa = XCBuildConfiguration;
			buildSettings = {
				ALWAYS_EMBED_SWIFT_STANDARD_LIBRARIES = YES;
				CODE_SIGN_STYLE = Automatic;
				INFOPLIST_FILE = TechMonUITests/Info.plist;
				LD_RUNPATH_SEARCH_PATHS = (
					"$(inherited)",
					"@executable_path/Frameworks",
					"@loader_path/Frameworks",
				);
				PRODUCT_BUNDLE_IDENTIFIER = app.ito.ayu.TechMonUITests;
				PRODUCT_NAME = "$(TARGET_NAME)";
				SWIFT_VERSION = 5.0;
				TARGETED_DEVICE_FAMILY = "1,2";
				TEST_TARGET_NAME = TechMon;
			};
			name = Release;
		};
/* End XCBuildConfiguration section */

/* Begin XCConfigurationList section */
		FB75836E25D1094600557F3A /* Build configuration list for PBXProject "TechMon" */ = {
			isa = XCConfigurationList;
			buildConfigurations = (
				FB75839B25D1094800557F3A /* Debug */,
				FB75839C25D1094800557F3A /* Release */,
			);
			defaultConfigurationIsVisible = 0;
			defaultConfigurationName = Release;
		};
		FB75839D25D1094800557F3A /* Build configuration list for PBXNativeTarget "TechMon" */ = {
			isa = XCConfigurationList;
			buildConfigurations = (
				FB75839E25D1094800557F3A /* Debug */,
				FB75839F25D1094800557F3A /* Release */,
			);
			defaultConfigurationIsVisible = 0;
			defaultConfigurationName = Release;
		};
		FB7583A025D1094800557F3A /* Build configuration list for PBXNativeTarget "TechMonTests" */ = {
			isa = XCConfigurationList;
			buildConfigurations = (
				FB7583A125D1094800557F3A /* Debug */,
				FB7583A225D1094800557F3A /* Release */,
			);
			defaultConfigurationIsVisible = 0;
			defaultConfigurationName = Release;
		};
		FB7583A325D1094800557F3A /* Build configuration list for PBXNativeTarget "TechMonUITests" */ = {
			isa = XCConfigurationList;
			buildConfigurations = (
				FB7583A425D1094800557F3A /* Debug */,
				FB7583A525D1094800557F3A /* Release */,
			);
			defaultConfigurationIsVisible = 0;
			defaultConfigurationName = Release;
		};
/* End XCConfigurationList section */
	};
	rootObject = FB75836B25D1094600557F3A /* Project object */;
}
